
Microsoft Visual Studio Solution File, Format Version 12.00
# Visual Studio Version 17
VisualStudioVersion = 17.2.32519.379
MinimumVisualStudioVersion = 10.0.40219.1
Project("{FAE04EC0-301F-11D3-BF4B-00C04F79EFBC}") = "BEE 1000", "beecrowd lista 1\BEE 1000.csproj", "{A61DBE75-6A66-43FA-AF66-6428110DE0BF}"
EndProject
Project("{FAE04EC0-301F-11D3-BF4B-00C04F79EFBC}") = "BEE 1001", "BEE 1001\BEE 1001.csproj", "{9ED1506F-5D1C-4D76-BF9D-1CA6EB4C0D0A}"
EndProject
Project("{FAE04EC0-301F-11D3-BF4B-00C04F79EFBC}") = "BEE 1002", "BEE 1002\BEE 1002.csproj", "{52BEB771-6BD4-4225-B63A-A64B59B49B06}"
EndProject
Project("{FAE04EC0-301F-11D3-BF4B-00C04F79EFBC}") = "BEE 1003", "BEE 1003\BEE 1003.csproj", "{EBE372F1-95F8-42EE-91E3-082DA2747A54}"
EndProject
Project("{FAE04EC0-301F-11D3-BF4B-00C04F79EFBC}") = "BEE 1004", "BEE 1004\BEE 1004.csproj", "{ECD702A8-EFCD-42A4-B9E1-A787381436AD}"
EndProject
Project("{FAE04EC0-301F-11D3-BF4B-00C04F79EFBC}") = "BEE 1005", "BEE 1005\BEE 1005.csproj", "{951E3EAD-AF1C-45D6-9E4E-E2FFAB98145A}"
EndProject
Project("{FAE04EC0-301F-11D3-BF4B-00C04F79EFBC}") = "BEE 1006", "BEE 1006\BEE 1006.csproj", "{41DF8446-2304-49AF-89FF-79BEBA771974}"
EndProject
Project("{FAE04EC0-301F-11D3-BF4B-00C04F79EFBC}") = "BEE 1007", "BEE 1007\BEE 1007.csproj", "{78E3A7B1-A41A-477B-9DC0-7A376BDCC619}"
EndProject
Project("{FAE04EC0-301F-11D3-BF4B-00C04F79EFBC}") = "BEE 1008", "BEE 1008\BEE 1008.csproj", "{12711381-FCD7-46D2-B2D6-50AD227FD440}"
EndProject
Project("{FAE04EC0-301F-11D3-BF4B-00C04F79EFBC}") = "BEE 1009", "BEE 1009\BEE 1009.csproj", "{F9765D35-0219-4F1B-92CC-33752A207A6A}"
EndProject
Project("{FAE04EC0-301F-11D3-BF4B-00C04F79EFBC}") = "BEE 1010", "BEE 1010\BEE 1010.csproj", "{49D30D4B-BD6A-496D-ABAD-C93542497787}"
EndProject
Project("{FAE04EC0-301F-11D3-BF4B-00C04F79EFBC}") = "BEE 1011", "BEE 1011\BEE 1011.csproj", "{61FF3EF3-973E-4214-9F61-00E7C200133C}"
EndProject
Project("{FAE04EC0-301F-11D3-BF4B-00C04F79EFBC}") = "BEE 1012", "BEE 1012\BEE 1012.csproj", "{9D87CAD5-3005-4676-8172-7EDBC44B73C0}"
EndProject
Project("{FAE04EC0-301F-11D3-BF4B-00C04F79EFBC}") = "BEE 1013", "BEE 1013\BEE 1013.csproj", "{4379A2F8-9AF2-4666-B6FF-45234F6A001A}"
EndProject
Project("{FAE04EC0-301F-11D3-BF4B-00C04F79EFBC}") = "BEE 1014", "BEE 1014\BEE 1014.csproj", "{4E2EFA90-9B85-4B05-B61D-DD4D7F8F2B09}"
EndProject
Project("{FAE04EC0-301F-11D3-BF4B-00C04F79EFBC}") = "BEE 1015", "BEE 1015\BEE 1015.csproj", "{D2A469CA-C3C2-4156-9C9D-96DC4CFF5148}"
EndProject
Project("{FAE04EC0-301F-11D3-BF4B-00C04F79EFBC}") = "BEE 1016", "BEE 1016\BEE 1016.csproj", "{5FF5743F-B3C5-45E7-926E-92056A132783}"
EndProject
Project("{FAE04EC0-301F-11D3-BF4B-00C04F79EFBC}") = "BEE 1017", "BEE 1017\BEE 1017.csproj", "{2FD4D840-1BDE-408B-834A-F62D7F170B24}"
EndProject
Project("{FAE04EC0-301F-11D3-BF4B-00C04F79EFBC}") = "BEE 1018", "BEE 1018\BEE 1018.csproj", "{129730BC-A57D-4DB3-8907-DDCB58AAC77C}"
EndProject
Project("{FAE04EC0-301F-11D3-BF4B-00C04F79EFBC}") = "BEE 1019", "BEE 1019\BEE 1019.csproj", "{FA0CB0D8-1937-4E5D-BE7F-B932EE760A21}"
EndProject
Project("{FAE04EC0-301F-11D3-BF4B-00C04F79EFBC}") = "BEE 1020", "BEE 1020\BEE 1020.csproj", "{4C62DC29-BB9C-482E-9784-A01F28C3788E}"
EndProject
Global
	GlobalSection(SolutionConfigurationPlatforms) = preSolution
		Debug|Any CPU = Debug|Any CPU
		Release|Any CPU = Release|Any CPU
	EndGlobalSection
	GlobalSection(ProjectConfigurationPlatforms) = postSolution
		{A61DBE75-6A66-43FA-AF66-6428110DE0BF}.Debug|Any CPU.ActiveCfg = Debug|Any CPU
		{A61DBE75-6A66-43FA-AF66-6428110DE0BF}.Debug|Any CPU.Build.0 = Debug|Any CPU
		{A61DBE75-6A66-43FA-AF66-6428110DE0BF}.Release|Any CPU.ActiveCfg = Release|Any CPU
		{A61DBE75-6A66-43FA-AF66-6428110DE0BF}.Release|Any CPU.Build.0 = Release|Any CPU
		{9ED1506F-5D1C-4D76-BF9D-1CA6EB4C0D0A}.Debug|Any CPU.ActiveCfg = Debug|Any CPU
		{9ED1506F-5D1C-4D76-BF9D-1CA6EB4C0D0A}.Debug|Any CPU.Build.0 = Debug|Any CPU
		{9ED1506F-5D1C-4D76-BF9D-1CA6EB4C0D0A}.Release|Any CPU.ActiveCfg = Release|Any CPU
		{9ED1506F-5D1C-4D76-BF9D-1CA6EB4C0D0A}.Release|Any CPU.Build.0 = Release|Any CPU
		{52BEB771-6BD4-4225-B63A-A64B59B49B06}.Debug|Any CPU.ActiveCfg = Debug|Any CPU
		{52BEB771-6BD4-4225-B63A-A64B59B49B06}.Debug|Any CPU.Build.0 = Debug|Any CPU
		{52BEB771-6BD4-4225-B63A-A64B59B49B06}.Release|Any CPU.ActiveCfg = Release|Any CPU
		{52BEB771-6BD4-4225-B63A-A64B59B49B06}.Release|Any CPU.Build.0 = Release|Any CPU
		{EBE372F1-95F8-42EE-91E3-082DA2747A54}.Debug|Any CPU.ActiveCfg = Debug|Any CPU
		{EBE372F1-95F8-42EE-91E3-082DA2747A54}.Debug|Any CPU.Build.0 = Debug|Any CPU
		{EBE372F1-95F8-42EE-91E3-082DA2747A54}.Release|Any CPU.ActiveCfg = Release|Any CPU
		{EBE372F1-95F8-42EE-91E3-082DA2747A54}.Release|Any CPU.Build.0 = Release|Any CPU
		{ECD702A8-EFCD-42A4-B9E1-A787381436AD}.Debug|Any CPU.ActiveCfg = Debug|Any CPU
		{ECD702A8-EFCD-42A4-B9E1-A787381436AD}.Debug|Any CPU.Build.0 = Debug|Any CPU
		{ECD702A8-EFCD-42A4-B9E1-A787381436AD}.Release|Any CPU.ActiveCfg = Release|Any CPU
		{ECD702A8-EFCD-42A4-B9E1-A787381436AD}.Release|Any CPU.Build.0 = Release|Any CPU
		{951E3EAD-AF1C-45D6-9E4E-E2FFAB98145A}.Debug|Any CPU.ActiveCfg = Debug|Any CPU
		{951E3EAD-AF1C-45D6-9E4E-E2FFAB98145A}.Debug|Any CPU.Build.0 = Debug|Any CPU
		{951E3EAD-AF1C-45D6-9E4E-E2FFAB98145A}.Release|Any CPU.ActiveCfg = Release|Any CPU
		{951E3EAD-AF1C-45D6-9E4E-E2FFAB98145A}.Release|Any CPU.Build.0 = Release|Any CPU
		{41DF8446-2304-49AF-89FF-79BEBA771974}.Debug|Any CPU.ActiveCfg = Debug|Any CPU
		{41DF8446-2304-49AF-89FF-79BEBA771974}.Debug|Any CPU.Build.0 = Debug|Any CPU
		{41DF8446-2304-49AF-89FF-79BEBA771974}.Release|Any CPU.ActiveCfg = Release|Any CPU
		{41DF8446-2304-49AF-89FF-79BEBA771974}.Release|Any CPU.Build.0 = Release|Any CPU
		{78E3A7B1-A41A-477B-9DC0-7A376BDCC619}.Debug|Any CPU.ActiveCfg = Debug|Any CPU
		{78E3A7B1-A41A-477B-9DC0-7A376BDCC619}.Debug|Any CPU.Build.0 = Debug|Any CPU
		{78E3A7B1-A41A-477B-9DC0-7A376BDCC619}.Release|Any CPU.ActiveCfg = Release|Any CPU
		{78E3A7B1-A41A-477B-9DC0-7A376BDCC619}.Release|Any CPU.Build.0 = Release|Any CPU
		{12711381-FCD7-46D2-B2D6-50AD227FD440}.Debug|Any CPU.ActiveCfg = Debug|Any CPU
		{12711381-FCD7-46D2-B2D6-50AD227FD440}.Debug|Any CPU.Build.0 = Debug|Any CPU
		{12711381-FCD7-46D2-B2D6-50AD227FD440}.Release|Any CPU.ActiveCfg = Release|Any CPU
		{12711381-FCD7-46D2-B2D6-50AD227FD440}.Release|Any CPU.Build.0 = Release|Any CPU
		{F9765D35-0219-4F1B-92CC-33752A207A6A}.Debug|Any CPU.ActiveCfg = Debug|Any CPU
		{F9765D35-0219-4F1B-92CC-33752A207A6A}.Debug|Any CPU.Build.0 = Debug|Any CPU
		{F9765D35-0219-4F1B-92CC-33752A207A6A}.Release|Any CPU.ActiveCfg = Release|Any CPU
		{F9765D35-0219-4F1B-92CC-33752A207A6A}.Release|Any CPU.Build.0 = Release|Any CPU
		{49D30D4B-BD6A-496D-ABAD-C93542497787}.Debug|Any CPU.ActiveCfg = Debug|Any CPU
		{49D30D4B-BD6A-496D-ABAD-C93542497787}.Debug|Any CPU.Build.0 = Debug|Any CPU
		{49D30D4B-BD6A-496D-ABAD-C93542497787}.Release|Any CPU.ActiveCfg = Release|Any CPU
		{49D30D4B-BD6A-496D-ABAD-C93542497787}.Release|Any CPU.Build.0 = Release|Any CPU
		{61FF3EF3-973E-4214-9F61-00E7C200133C}.Debug|Any CPU.ActiveCfg = Debug|Any CPU
		{61FF3EF3-973E-4214-9F61-00E7C200133C}.Debug|Any CPU.Build.0 = Debug|Any CPU
		{61FF3EF3-973E-4214-9F61-00E7C200133C}.Release|Any CPU.ActiveCfg = Release|Any CPU
		{61FF3EF3-973E-4214-9F61-00E7C200133C}.Release|Any CPU.Build.0 = Release|Any CPU
		{9D87CAD5-3005-4676-8172-7EDBC44B73C0}.Debug|Any CPU.ActiveCfg = Debug|Any CPU
		{9D87CAD5-3005-4676-8172-7EDBC44B73C0}.Debug|Any CPU.Build.0 = Debug|Any CPU
		{9D87CAD5-3005-4676-8172-7EDBC44B73C0}.Release|Any CPU.ActiveCfg = Release|Any CPU
		{9D87CAD5-3005-4676-8172-7EDBC44B73C0}.Release|Any CPU.Build.0 = Release|Any CPU
		{4379A2F8-9AF2-4666-B6FF-45234F6A001A}.Debug|Any CPU.ActiveCfg = Debug|Any CPU
		{4379A2F8-9AF2-4666-B6FF-45234F6A001A}.Debug|Any CPU.Build.0 = Debug|Any CPU
		{4379A2F8-9AF2-4666-B6FF-45234F6A001A}.Release|Any CPU.ActiveCfg = Release|Any CPU
		{4379A2F8-9AF2-4666-B6FF-45234F6A001A}.Release|Any CPU.Build.0 = Release|Any CPU
		{4E2EFA90-9B85-4B05-B61D-DD4D7F8F2B09}.Debug|Any CPU.ActiveCfg = Debug|Any CPU
		{4E2EFA90-9B85-4B05-B61D-DD4D7F8F2B09}.Debug|Any CPU.Build.0 = Debug|Any CPU
		{4E2EFA90-9B85-4B05-B61D-DD4D7F8F2B09}.Release|Any CPU.ActiveCfg = Release|Any CPU
		{4E2EFA90-9B85-4B05-B61D-DD4D7F8F2B09}.Release|Any CPU.Build.0 = Release|Any CPU
		{D2A469CA-C3C2-4156-9C9D-96DC4CFF5148}.Debug|Any CPU.ActiveCfg = Debug|Any CPU
		{D2A469CA-C3C2-4156-9C9D-96DC4CFF5148}.Debug|Any CPU.Build.0 = Debug|Any CPU
		{D2A469CA-C3C2-4156-9C9D-96DC4CFF5148}.Release|Any CPU.ActiveCfg = Release|Any CPU
		{D2A469CA-C3C2-4156-9C9D-96DC4CFF5148}.Release|Any CPU.Build.0 = Release|Any CPU
		{5FF5743F-B3C5-45E7-926E-92056A132783}.Debug|Any CPU.ActiveCfg = Debug|Any CPU
		{5FF5743F-B3C5-45E7-926E-92056A132783}.Debug|Any CPU.Build.0 = Debug|Any CPU
		{5FF5743F-B3C5-45E7-926E-92056A132783}.Release|Any CPU.ActiveCfg = Release|Any CPU
		{5FF5743F-B3C5-45E7-926E-92056A132783}.Release|Any CPU.Build.0 = Release|Any CPU
		{2FD4D840-1BDE-408B-834A-F62D7F170B24}.Debug|Any CPU.ActiveCfg = Debug|Any CPU
		{2FD4D840-1BDE-408B-834A-F62D7F170B24}.Debug|Any CPU.Build.0 = Debug|Any CPU
		{2FD4D840-1BDE-408B-834A-F62D7F170B24}.Release|Any CPU.ActiveCfg = Release|Any CPU
		{2FD4D840-1BDE-408B-834A-F62D7F170B24}.Release|Any CPU.Build.0 = Release|Any CPU
		{129730BC-A57D-4DB3-8907-DDCB58AAC77C}.Debug|Any CPU.ActiveCfg = Debug|Any CPU
		{129730BC-A57D-4DB3-8907-DDCB58AAC77C}.Debug|Any CPU.Build.0 = Debug|Any CPU
		{129730BC-A57D-4DB3-8907-DDCB58AAC77C}.Release|Any CPU.ActiveCfg = Release|Any CPU
		{129730BC-A57D-4DB3-8907-DDCB58AAC77C}.Release|Any CPU.Build.0 = Release|Any CPU
		{FA0CB0D8-1937-4E5D-BE7F-B932EE760A21}.Debug|Any CPU.ActiveCfg = Debug|Any CPU
		{FA0CB0D8-1937-4E5D-BE7F-B932EE760A21}.Debug|Any CPU.Build.0 = Debug|Any CPU
		{FA0CB0D8-1937-4E5D-BE7F-B932EE760A21}.Release|Any CPU.ActiveCfg = Release|Any CPU
		{FA0CB0D8-1937-4E5D-BE7F-B932EE760A21}.Release|Any CPU.Build.0 = Release|Any CPU
		{4C62DC29-BB9C-482E-9784-A01F28C3788E}.Debug|Any CPU.ActiveCfg = Debug|Any CPU
		{4C62DC29-BB9C-482E-9784-A01F28C3788E}.Debug|Any CPU.Build.0 = Debug|Any CPU
		{4C62DC29-BB9C-482E-9784-A01F28C3788E}.Release|Any CPU.ActiveCfg = Release|Any CPU
		{4C62DC29-BB9C-482E-9784-A01F28C3788E}.Release|Any CPU.Build.0 = Release|Any CPU
	EndGlobalSection
	GlobalSection(SolutionProperties) = preSolution
		HideSolutionNode = FALSE
	EndGlobalSection
	GlobalSection(ExtensibilityGlobals) = postSolution
		SolutionGuid = {22C127B8-96C2-4574-9AE9-511FA32FEC50}
	EndGlobalSection
EndGlobal
